
Microsoft Visual Studio Solution File, Format Version 12.00
# Visual Studio 15
VisualStudioVersion = 15.0.28307.2092
MinimumVisualStudioVersion = 10.0.40219.1
Project("{8BC9CEB8-8B4A-11D0-8D11-00A0C91BC942}") = "0930_4", "0930_4\0930_4.vcxproj", "{848679C9-8399-4631-ACAE-E7D8F6A0EBF3}"
EndProject
Global
	GlobalSection(SolutionConfigurationPlatforms) = preSolution
		Debug|x64 = Debug|x64
		Debug|x86 = Debug|x86
		Release|x64 = Release|x64
		Release|x86 = Release|x86
	EndGlobalSection
	GlobalSection(ProjectConfigurationPlatforms) = postSolution
		{848679C9-8399-4631-ACAE-E7D8F6A0EBF3}.Debug|x64.ActiveCfg = Debug|x64
		{848679C9-8399-4631-ACAE-E7D8F6A0EBF3}.Debug|x64.Build.0 = Debug|x64
		{848679C9-8399-4631-ACAE-E7D8F6A0EBF3}.Debug|x86.ActiveCfg = Debug|Win32
		{848679C9-8399-4631-ACAE-E7D8F6A0EBF3}.Debug|x86.Build.0 = Debug|Win32
		{848679C9-8399-4631-ACAE-E7D8F6A0EBF3}.Release|x64.ActiveCfg = Release|x64
		{848679C9-8399-4631-ACAE-E7D8F6A0EBF3}.Release|x64.Build.0 = Release|x64
		{848679C9-8399-4631-ACAE-E7D8F6A0EBF3}.Release|x86.ActiveCfg = Release|Win32
		{848679C9-8399-4631-ACAE-E7D8F6A0EBF3}.Release|x86.Build.0 = Release|Win32
	EndGlobalSection
	GlobalSection(SolutionProperties) = preSolution
		HideSolutionNode = FALSE
	EndGlobalSection
	GlobalSection(ExtensibilityGlobals) = postSolution
		SolutionGuid = {E07DAED4-BA5B-49C1-BF6A-D4E9C4F3845C}
	EndGlobalSection
EndGlobal
